// !$*UTF8*$!
{
	archiveVersion = 1;
	classes = {
	};
	objectVersion = 60;
	objects = {

/* Begin PBXBuildFile section */
		0DA7B45B299A365900CEE722 /* SatodimeApp.swift in Sources */ = {isa = PBXBuildFile; fileRef = 0DA7B45A299A365900CEE722 /* SatodimeApp.swift */; };
		0DA7B45D299A365900CEE722 /* ContentView.swift in Sources */ = {isa = PBXBuildFile; fileRef = 0DA7B45C299A365900CEE722 /* ContentView.swift */; };
		0DA7B45F299A366200CEE722 /* Assets.xcassets in Resources */ = {isa = PBXBuildFile; fileRef = 0DA7B45E299A366200CEE722 /* Assets.xcassets */; };
		0DA7B46D299A366300CEE722 /* SatodimeTests.swift in Sources */ = {isa = PBXBuildFile; fileRef = 0DA7B46C299A366300CEE722 /* SatodimeTests.swift */; };
		0DA7B477299A366300CEE722 /* SatodimeUITests.swift in Sources */ = {isa = PBXBuildFile; fileRef = 0DA7B476299A366300CEE722 /* SatodimeUITests.swift */; };
		0DA7B479299A366300CEE722 /* SatodimeUITestsLaunchTests.swift in Sources */ = {isa = PBXBuildFile; fileRef = 0DA7B478299A366300CEE722 /* SatodimeUITestsLaunchTests.swift */; };
		0DA7B495299A37B500CEE722 /* ActionParams.swift in Sources */ = {isa = PBXBuildFile; fileRef = 0DA7B485299A37B200CEE722 /* ActionParams.swift */; };
		0DA7B496299A37B500CEE722 /* SealSlot.swift in Sources */ = {isa = PBXBuildFile; fileRef = 0DA7B486299A37B200CEE722 /* SealSlot.swift */; };
		0DA7B497299A37B500CEE722 /* Util.swift in Sources */ = {isa = PBXBuildFile; fileRef = 0DA7B487299A37B200CEE722 /* Util.swift */; };
		0DA7B498299A37B500CEE722 /* Settings.swift in Sources */ = {isa = PBXBuildFile; fileRef = 0DA7B488299A37B200CEE722 /* Settings.swift */; };
		0DA7B499299A37B500CEE722 /* ShowDetails.swift in Sources */ = {isa = PBXBuildFile; fileRef = 0DA7B489299A37B300CEE722 /* ShowDetails.swift */; };
		0DA7B49B299A37B500CEE722 /* ResetSlot.swift in Sources */ = {isa = PBXBuildFile; fileRef = 0DA7B48B299A37B300CEE722 /* ResetSlot.swift */; };
		0DA7B49C299A37B500CEE722 /* ShowCertificates.swift in Sources */ = {isa = PBXBuildFile; fileRef = 0DA7B48C299A37B300CEE722 /* ShowCertificates.swift */; };
		0DA7B49D299A37B500CEE722 /* UnsealSlot.swift in Sources */ = {isa = PBXBuildFile; fileRef = 0DA7B48D299A37B300CEE722 /* UnsealSlot.swift */; };
		0DA7B49E299A37B500CEE722 /* UnknownAction.swift in Sources */ = {isa = PBXBuildFile; fileRef = 0DA7B48E299A37B300CEE722 /* UnknownAction.swift */; };
		0DA7B49F299A37B500CEE722 /* NfcReader.swift in Sources */ = {isa = PBXBuildFile; fileRef = 0DA7B48F299A37B400CEE722 /* NfcReader.swift */; };
		0DA7B4A0299A37B500CEE722 /* SideMenu.swift in Sources */ = {isa = PBXBuildFile; fileRef = 0DA7B490299A37B400CEE722 /* SideMenu.swift */; };
		0DA7B4A1299A37B500CEE722 /* CardInfo.swift in Sources */ = {isa = PBXBuildFile; fileRef = 0DA7B491299A37B400CEE722 /* CardInfo.swift */; };
		0DA7B4A2299A37B500CEE722 /* AcceptCard.swift in Sources */ = {isa = PBXBuildFile; fileRef = 0DA7B492299A37B400CEE722 /* AcceptCard.swift */; };
		0DA7B4A3299A37B500CEE722 /* VaultItem.swift in Sources */ = {isa = PBXBuildFile; fileRef = 0DA7B493299A37B400CEE722 /* VaultItem.swift */; };
		0DA7B4A4299A37B500CEE722 /* TransferCard.swift in Sources */ = {isa = PBXBuildFile; fileRef = 0DA7B494299A37B400CEE722 /* TransferCard.swift */; };
		0DA7B4B1299A4D6D00CEE722 /* SatochipSwift in Frameworks */ = {isa = PBXBuildFile; productRef = 0DA7B4B0299A4D6D00CEE722 /* SatochipSwift */; };
		0DA7B4B3299A4D7E00CEE722 /* SwiftCryptoTools in Frameworks */ = {isa = PBXBuildFile; productRef = 0DA7B4B2299A4D7E00CEE722 /* SwiftCryptoTools */; };
		0DA7B4B6299A4E6400CEE722 /* QRCode in Frameworks */ = {isa = PBXBuildFile; productRef = 0DA7B4B5299A4E6400CEE722 /* QRCode */; };
		0DA7B4B7299A589E00CEE722 /* Apikeys-Info.plist in Resources */ = {isa = PBXBuildFile; fileRef = 0DA7B48A299A37B300CEE722 /* Apikeys-Info.plist */; };
		0DA7B4BC299A81D900CEE722 /* Localizable.strings in Resources */ = {isa = PBXBuildFile; fileRef = 0DA7B4BE299A81D900CEE722 /* Localizable.strings */; };
		0DA7B4C2299A8ADA00CEE722 /* InfoPlist.strings in Resources */ = {isa = PBXBuildFile; fileRef = 0DA7B4C0299A8ADA00CEE722 /* InfoPlist.strings */; };
		0DB03FCA29A7F813002E56BD /* ShowLogs.swift in Sources */ = {isa = PBXBuildFile; fileRef = 0DB03FC929A7F813002E56BD /* ShowLogs.swift */; };
		0DB03FD429BB70AA002E56BD /* contracts_ETH_Token in Resources */ = {isa = PBXBuildFile; fileRef = 0DB03FD329BB70AA002E56BD /* contracts_ETH_Token */; };
		0DB03FD629BB7192002E56BD /* ContractsFile.swift in Sources */ = {isa = PBXBuildFile; fileRef = 0DB03FD529BB7192002E56BD /* ContractsFile.swift */; };
		0DB03FD829BB7204002E56BD /* ContractsCache.swift in Sources */ = {isa = PBXBuildFile; fileRef = 0DB03FD729BB7204002E56BD /* ContractsCache.swift */; };
		0DB03FDA29BB94C0002E56BD /* ContractsAutocomplete.swift in Sources */ = {isa = PBXBuildFile; fileRef = 0DB03FD929BB94C0002E56BD /* ContractsAutocomplete.swift */; };
		0DB03FDC29BCCA9C002E56BD /* contracts_ETH_NFT in Resources */ = {isa = PBXBuildFile; fileRef = 0DB03FDB29BCCA9B002E56BD /* contracts_ETH_NFT */; };
		0DB03FDE29BF5A62002E56BD /* contracts_XCP_NFT in Resources */ = {isa = PBXBuildFile; fileRef = 0DB03FDD29BF5A61002E56BD /* contracts_XCP_NFT */; };
		0DB03FE029BF62E7002E56BD /* contracts_XCP_Token in Resources */ = {isa = PBXBuildFile; fileRef = 0DB03FDF29BF62E7002E56BD /* contracts_XCP_Token */; };
		0DB03FE229D21CFD002E56BD /* Apikeys-Info-sample.plist in Resources */ = {isa = PBXBuildFile; fileRef = 0DB03FE129D21CFD002E56BD /* Apikeys-Info-sample.plist */; };
		D0EB4DE52AC079B200EA83F9 /* SwiftCryptoTools in Frameworks */ = {isa = PBXBuildFile; productRef = D0EB4DE42AC079B200EA83F9 /* SwiftCryptoTools */; };
		D0EB4DED2AC1D26900EA83F9 /* SatoText.swift in Sources */ = {isa = PBXBuildFile; fileRef = D0EB4DEC2AC1D26900EA83F9 /* SatoText.swift */; };
		D0EB4DF12AC1D39D00EA83F9 /* Outfit-variable.ttf in Resources */ = {isa = PBXBuildFile; fileRef = D0EB4DF02AC1D39D00EA83F9 /* Outfit-variable.ttf */; };
		D0EB4DF32AC1D3FE00EA83F9 /* OpenSans-variable.ttf in Resources */ = {isa = PBXBuildFile; fileRef = D0EB4DF22AC1D3FE00EA83F9 /* OpenSans-variable.ttf */; };
		D0EB4DF52AC1D5E100EA83F9 /* OnboardingContainerView.swift in Sources */ = {isa = PBXBuildFile; fileRef = D0EB4DF42AC1D5E100EA83F9 /* OnboardingContainerView.swift */; };
		D0EB4DF72AC1D62300EA83F9 /* OnBoardingWelcomeView.swift in Sources */ = {isa = PBXBuildFile; fileRef = D0EB4DF62AC1D62300EA83F9 /* OnBoardingWelcomeView.swift */; };
		D0EB4DF92AC1D66F00EA83F9 /* OnboardingInfoView.swift in Sources */ = {isa = PBXBuildFile; fileRef = D0EB4DF82AC1D66F00EA83F9 /* OnboardingInfoView.swift */; };
		D0EB4DFB2AC1D69100EA83F9 /* OnboardingNFCView.swift in Sources */ = {isa = PBXBuildFile; fileRef = D0EB4DFA2AC1D69100EA83F9 /* OnboardingNFCView.swift */; };
		D0EB4DFE2AC1DFE400EA83F9 /* Colors.swift in Sources */ = {isa = PBXBuildFile; fileRef = D0EB4DFD2AC1DFE400EA83F9 /* Colors.swift */; };
		D0EB4E002AC1E02E00EA83F9 /* Constants.swift in Sources */ = {isa = PBXBuildFile; fileRef = D0EB4DFF2AC1E02E00EA83F9 /* Constants.swift */; };
		D0EB4E022AC1EC3700EA83F9 /* OnboardingWelcomeViewModel.swift in Sources */ = {isa = PBXBuildFile; fileRef = D0EB4E012AC1EC3700EA83F9 /* OnboardingWelcomeViewModel.swift */; };
		D0EB4E042AC1FB7100EA83F9 /* Outfit-Medium.ttf in Resources */ = {isa = PBXBuildFile; fileRef = D0EB4E032AC1FB7100EA83F9 /* Outfit-Medium.ttf */; };
		D0EB4E062AC2008F00EA83F9 /* OnboardingContainerViewModel.swift in Sources */ = {isa = PBXBuildFile; fileRef = D0EB4E052AC2008F00EA83F9 /* OnboardingContainerViewModel.swift */; };
		D0EB4E082AC2213300EA83F9 /* OnboardingInfoViewModel.swift in Sources */ = {isa = PBXBuildFile; fileRef = D0EB4E072AC2213300EA83F9 /* OnboardingInfoViewModel.swift */; };
		D0EB4E0A2AC222A900EA83F9 /* SatoButton.swift in Sources */ = {isa = PBXBuildFile; fileRef = D0EB4E092AC222A900EA83F9 /* SatoButton.swift */; };
		D0EB4E0C2AC2283400EA83F9 /* OnboardingNFCViewModel.swift in Sources */ = {isa = PBXBuildFile; fileRef = D0EB4E0B2AC2283400EA83F9 /* OnboardingNFCViewModel.swift */; };
		D0EB4E0E2AC22A9B00EA83F9 /* HomeView.swift in Sources */ = {isa = PBXBuildFile; fileRef = D0EB4E0D2AC22A9B00EA83F9 /* HomeView.swift */; };
		D0EB4E102AC22AD300EA83F9 /* HomeViewModel.swift in Sources */ = {isa = PBXBuildFile; fileRef = D0EB4E0F2AC22AD300EA83F9 /* HomeViewModel.swift */; };
		D0EB4E132AC22F3500EA83F9 /* VaultSetupSelectChainView.swift in Sources */ = {isa = PBXBuildFile; fileRef = D0EB4E122AC22F3500EA83F9 /* VaultSetupSelectChainView.swift */; };
		D0EB4E152AC22F4200EA83F9 /* VaultSetupSelectChainViewModel.swift in Sources */ = {isa = PBXBuildFile; fileRef = D0EB4E142AC22F4200EA83F9 /* VaultSetupSelectChainViewModel.swift */; };
		D0EB4E182AC24DF600EA83F9 /* AppDelegate.swift in Sources */ = {isa = PBXBuildFile; fileRef = D0EB4E172AC24DF600EA83F9 /* AppDelegate.swift */; };
		D0F62FB22ACDB27F0027EFE6 /* CryptoSelectionCell.swift in Sources */ = {isa = PBXBuildFile; fileRef = D0F62FB12ACDB27F0027EFE6 /* CryptoSelectionCell.swift */; };
		D0F62FB62ACDBAA70027EFE6 /* CryptoCurrency.swift in Sources */ = {isa = PBXBuildFile; fileRef = D0F62FB52ACDBAA70027EFE6 /* CryptoCurrency.swift */; };
		D0F62FB82ACDC72D0027EFE6 /* Poppins-ExtraBold.ttf in Resources */ = {isa = PBXBuildFile; fileRef = D0F62FB72ACDC72D0027EFE6 /* Poppins-ExtraBold.ttf */; };
		D0F62FBA2ACDC7BA0027EFE6 /* Poppins-Bold2.ttf in Resources */ = {isa = PBXBuildFile; fileRef = D0F62FB92ACDC7BA0027EFE6 /* Poppins-Bold2.ttf */; };
		D0F62FBC2ACDCDFE0027EFE6 /* VaultSetupCreateView.swift in Sources */ = {isa = PBXBuildFile; fileRef = D0F62FBB2ACDCDFE0027EFE6 /* VaultSetupCreateView.swift */; };
		D0F62FBE2ACDCE080027EFE6 /* VaultSetupCreateViewModel.swift in Sources */ = {isa = PBXBuildFile; fileRef = D0F62FBD2ACDCE080027EFE6 /* VaultSetupCreateViewModel.swift */; };
		D0F62FC02ACDD2ED0027EFE6 /* Outfit-Bold.ttf in Resources */ = {isa = PBXBuildFile; fileRef = D0F62FBF2ACDD2ED0027EFE6 /* Outfit-Bold.ttf */; };
		D0F62FC22ACDD5DE0027EFE6 /* InfoBox.swift in Sources */ = {isa = PBXBuildFile; fileRef = D0F62FC12ACDD5DE0027EFE6 /* InfoBox.swift */; };
		D0F62FC42ACDE11E0027EFE6 /* SatoToggle.swift in Sources */ = {isa = PBXBuildFile; fileRef = D0F62FC32ACDE11E0027EFE6 /* SatoToggle.swift */; };
		D0F62FC62ACDFD0B0027EFE6 /* VaultSetupCongratsView.swift in Sources */ = {isa = PBXBuildFile; fileRef = D0F62FC52ACDFD0B0027EFE6 /* VaultSetupCongratsView.swift */; };
		D0F62FC82ACDFD330027EFE6 /* VaultSetupCongratsViewModel.swift in Sources */ = {isa = PBXBuildFile; fileRef = D0F62FC72ACDFD330027EFE6 /* VaultSetupCongratsViewModel.swift */; };
/* End PBXBuildFile section */

/* Begin PBXContainerItemProxy section */
		0DA7B469299A366300CEE722 /* PBXContainerItemProxy */ = {
			isa = PBXContainerItemProxy;
			containerPortal = 0DA7B44F299A365900CEE722 /* Project object */;
			proxyType = 1;
			remoteGlobalIDString = 0DA7B456299A365900CEE722;
			remoteInfo = Satodime;
		};
		0DA7B473299A366300CEE722 /* PBXContainerItemProxy */ = {
			isa = PBXContainerItemProxy;
			containerPortal = 0DA7B44F299A365900CEE722 /* Project object */;
			proxyType = 1;
			remoteGlobalIDString = 0DA7B456299A365900CEE722;
			remoteInfo = Satodime;
		};
/* End PBXContainerItemProxy section */

/* Begin PBXFileReference section */
		0DA7B457299A365900CEE722 /* Satodime.app */ = {isa = PBXFileReference; explicitFileType = wrapper.application; includeInIndex = 0; path = Satodime.app; sourceTree = BUILT_PRODUCTS_DIR; };
		0DA7B45A299A365900CEE722 /* SatodimeApp.swift */ = {isa = PBXFileReference; lastKnownFileType = sourcecode.swift; path = SatodimeApp.swift; sourceTree = "<group>"; };
		0DA7B45C299A365900CEE722 /* ContentView.swift */ = {isa = PBXFileReference; lastKnownFileType = sourcecode.swift; path = ContentView.swift; sourceTree = "<group>"; };
		0DA7B45E299A366200CEE722 /* Assets.xcassets */ = {isa = PBXFileReference; lastKnownFileType = folder.assetcatalog; path = Assets.xcassets; sourceTree = "<group>"; };
		0DA7B460299A366200CEE722 /* Satodime.entitlements */ = {isa = PBXFileReference; lastKnownFileType = text.plist.entitlements; path = Satodime.entitlements; sourceTree = "<group>"; };
		0DA7B462299A366200CEE722 /* Preview Assets.xcassets */ = {isa = PBXFileReference; lastKnownFileType = folder.assetcatalog; path = "Preview Assets.xcassets"; sourceTree = "<group>"; };
		0DA7B468299A366300CEE722 /* SatodimeTests.xctest */ = {isa = PBXFileReference; explicitFileType = wrapper.cfbundle; includeInIndex = 0; path = SatodimeTests.xctest; sourceTree = BUILT_PRODUCTS_DIR; };
		0DA7B46C299A366300CEE722 /* SatodimeTests.swift */ = {isa = PBXFileReference; lastKnownFileType = sourcecode.swift; path = SatodimeTests.swift; sourceTree = "<group>"; };
		0DA7B472299A366300CEE722 /* SatodimeUITests.xctest */ = {isa = PBXFileReference; explicitFileType = wrapper.cfbundle; includeInIndex = 0; path = SatodimeUITests.xctest; sourceTree = BUILT_PRODUCTS_DIR; };
		0DA7B476299A366300CEE722 /* SatodimeUITests.swift */ = {isa = PBXFileReference; lastKnownFileType = sourcecode.swift; path = SatodimeUITests.swift; sourceTree = "<group>"; };
		0DA7B478299A366300CEE722 /* SatodimeUITestsLaunchTests.swift */ = {isa = PBXFileReference; lastKnownFileType = sourcecode.swift; path = SatodimeUITestsLaunchTests.swift; sourceTree = "<group>"; };
		0DA7B485299A37B200CEE722 /* ActionParams.swift */ = {isa = PBXFileReference; fileEncoding = 4; lastKnownFileType = sourcecode.swift; path = ActionParams.swift; sourceTree = "<group>"; };
		0DA7B486299A37B200CEE722 /* SealSlot.swift */ = {isa = PBXFileReference; fileEncoding = 4; lastKnownFileType = sourcecode.swift; path = SealSlot.swift; sourceTree = "<group>"; };
		0DA7B487299A37B200CEE722 /* Util.swift */ = {isa = PBXFileReference; fileEncoding = 4; lastKnownFileType = sourcecode.swift; path = Util.swift; sourceTree = "<group>"; };
		0DA7B488299A37B200CEE722 /* Settings.swift */ = {isa = PBXFileReference; fileEncoding = 4; lastKnownFileType = sourcecode.swift; path = Settings.swift; sourceTree = "<group>"; };
		0DA7B489299A37B300CEE722 /* ShowDetails.swift */ = {isa = PBXFileReference; fileEncoding = 4; lastKnownFileType = sourcecode.swift; path = ShowDetails.swift; sourceTree = "<group>"; };
		0DA7B48A299A37B300CEE722 /* Apikeys-Info.plist */ = {isa = PBXFileReference; fileEncoding = 4; lastKnownFileType = text.plist.xml; path = "Apikeys-Info.plist"; sourceTree = "<group>"; };
		0DA7B48B299A37B300CEE722 /* ResetSlot.swift */ = {isa = PBXFileReference; fileEncoding = 4; lastKnownFileType = sourcecode.swift; path = ResetSlot.swift; sourceTree = "<group>"; };
		0DA7B48C299A37B300CEE722 /* ShowCertificates.swift */ = {isa = PBXFileReference; fileEncoding = 4; lastKnownFileType = sourcecode.swift; path = ShowCertificates.swift; sourceTree = "<group>"; };
		0DA7B48D299A37B300CEE722 /* UnsealSlot.swift */ = {isa = PBXFileReference; fileEncoding = 4; lastKnownFileType = sourcecode.swift; path = UnsealSlot.swift; sourceTree = "<group>"; };
		0DA7B48E299A37B300CEE722 /* UnknownAction.swift */ = {isa = PBXFileReference; fileEncoding = 4; lastKnownFileType = sourcecode.swift; path = UnknownAction.swift; sourceTree = "<group>"; };
		0DA7B48F299A37B400CEE722 /* NfcReader.swift */ = {isa = PBXFileReference; fileEncoding = 4; lastKnownFileType = sourcecode.swift; path = NfcReader.swift; sourceTree = "<group>"; };
		0DA7B490299A37B400CEE722 /* SideMenu.swift */ = {isa = PBXFileReference; fileEncoding = 4; lastKnownFileType = sourcecode.swift; path = SideMenu.swift; sourceTree = "<group>"; };
		0DA7B491299A37B400CEE722 /* CardInfo.swift */ = {isa = PBXFileReference; fileEncoding = 4; lastKnownFileType = sourcecode.swift; path = CardInfo.swift; sourceTree = "<group>"; };
		0DA7B492299A37B400CEE722 /* AcceptCard.swift */ = {isa = PBXFileReference; fileEncoding = 4; lastKnownFileType = sourcecode.swift; path = AcceptCard.swift; sourceTree = "<group>"; };
		0DA7B493299A37B400CEE722 /* VaultItem.swift */ = {isa = PBXFileReference; fileEncoding = 4; lastKnownFileType = sourcecode.swift; path = VaultItem.swift; sourceTree = "<group>"; };
		0DA7B494299A37B400CEE722 /* TransferCard.swift */ = {isa = PBXFileReference; fileEncoding = 4; lastKnownFileType = sourcecode.swift; path = TransferCard.swift; sourceTree = "<group>"; };
		0DA7B4A7299A38B500CEE722 /* Info.plist */ = {isa = PBXFileReference; fileEncoding = 4; lastKnownFileType = text.plist.xml; path = Info.plist; sourceTree = "<group>"; };
		0DA7B4AC299A4B1B00CEE722 /* SatochipSwift */ = {isa = PBXFileReference; lastKnownFileType = wrapper; name = SatochipSwift; path = ../SatochipSwift; sourceTree = "<group>"; };
		0DA7B4BD299A81D900CEE722 /* en */ = {isa = PBXFileReference; lastKnownFileType = text.plist.strings; name = en; path = en.lproj/Localizable.strings; sourceTree = "<group>"; };
		0DA7B4BF299A821000CEE722 /* fr */ = {isa = PBXFileReference; lastKnownFileType = text.plist.strings; name = fr; path = fr.lproj/Localizable.strings; sourceTree = "<group>"; };
		0DA7B4C1299A8ADA00CEE722 /* fr */ = {isa = PBXFileReference; lastKnownFileType = text.plist.strings; name = fr; path = fr.lproj/InfoPlist.strings; sourceTree = "<group>"; };
		0DB03FC929A7F813002E56BD /* ShowLogs.swift */ = {isa = PBXFileReference; lastKnownFileType = sourcecode.swift; path = ShowLogs.swift; sourceTree = "<group>"; };
		0DB03FD329BB70AA002E56BD /* contracts_ETH_Token */ = {isa = PBXFileReference; lastKnownFileType = text; path = contracts_ETH_Token; sourceTree = "<group>"; };
		0DB03FD529BB7192002E56BD /* ContractsFile.swift */ = {isa = PBXFileReference; lastKnownFileType = sourcecode.swift; path = ContractsFile.swift; sourceTree = "<group>"; };
		0DB03FD729BB7204002E56BD /* ContractsCache.swift */ = {isa = PBXFileReference; lastKnownFileType = sourcecode.swift; path = ContractsCache.swift; sourceTree = "<group>"; };
		0DB03FD929BB94C0002E56BD /* ContractsAutocomplete.swift */ = {isa = PBXFileReference; lastKnownFileType = sourcecode.swift; path = ContractsAutocomplete.swift; sourceTree = "<group>"; };
		0DB03FDB29BCCA9B002E56BD /* contracts_ETH_NFT */ = {isa = PBXFileReference; lastKnownFileType = text; path = contracts_ETH_NFT; sourceTree = "<group>"; };
		0DB03FDD29BF5A61002E56BD /* contracts_XCP_NFT */ = {isa = PBXFileReference; lastKnownFileType = text; path = contracts_XCP_NFT; sourceTree = "<group>"; };
		0DB03FDF29BF62E7002E56BD /* contracts_XCP_Token */ = {isa = PBXFileReference; lastKnownFileType = text; path = contracts_XCP_Token; sourceTree = "<group>"; };
		0DB03FE129D21CFD002E56BD /* Apikeys-Info-sample.plist */ = {isa = PBXFileReference; lastKnownFileType = text.plist.xml; path = "Apikeys-Info-sample.plist"; sourceTree = "<group>"; };
		D0EB4DEC2AC1D26900EA83F9 /* SatoText.swift */ = {isa = PBXFileReference; lastKnownFileType = sourcecode.swift; path = SatoText.swift; sourceTree = "<group>"; };
		D0EB4DF02AC1D39D00EA83F9 /* Outfit-variable.ttf */ = {isa = PBXFileReference; lastKnownFileType = file; path = "Outfit-variable.ttf"; sourceTree = "<group>"; };
		D0EB4DF22AC1D3FE00EA83F9 /* OpenSans-variable.ttf */ = {isa = PBXFileReference; lastKnownFileType = file; path = "OpenSans-variable.ttf"; sourceTree = "<group>"; };
		D0EB4DF42AC1D5E100EA83F9 /* OnboardingContainerView.swift */ = {isa = PBXFileReference; lastKnownFileType = sourcecode.swift; path = OnboardingContainerView.swift; sourceTree = "<group>"; };
		D0EB4DF62AC1D62300EA83F9 /* OnBoardingWelcomeView.swift */ = {isa = PBXFileReference; lastKnownFileType = sourcecode.swift; path = OnBoardingWelcomeView.swift; sourceTree = "<group>"; };
		D0EB4DF82AC1D66F00EA83F9 /* OnboardingInfoView.swift */ = {isa = PBXFileReference; lastKnownFileType = sourcecode.swift; path = OnboardingInfoView.swift; sourceTree = "<group>"; };
		D0EB4DFA2AC1D69100EA83F9 /* OnboardingNFCView.swift */ = {isa = PBXFileReference; lastKnownFileType = sourcecode.swift; path = OnboardingNFCView.swift; sourceTree = "<group>"; };
		D0EB4DFD2AC1DFE400EA83F9 /* Colors.swift */ = {isa = PBXFileReference; lastKnownFileType = sourcecode.swift; path = Colors.swift; sourceTree = "<group>"; };
		D0EB4DFF2AC1E02E00EA83F9 /* Constants.swift */ = {isa = PBXFileReference; lastKnownFileType = sourcecode.swift; path = Constants.swift; sourceTree = "<group>"; };
		D0EB4E012AC1EC3700EA83F9 /* OnboardingWelcomeViewModel.swift */ = {isa = PBXFileReference; lastKnownFileType = sourcecode.swift; path = OnboardingWelcomeViewModel.swift; sourceTree = "<group>"; };
		D0EB4E032AC1FB7100EA83F9 /* Outfit-Medium.ttf */ = {isa = PBXFileReference; lastKnownFileType = file; path = "Outfit-Medium.ttf"; sourceTree = "<group>"; };
		D0EB4E052AC2008F00EA83F9 /* OnboardingContainerViewModel.swift */ = {isa = PBXFileReference; lastKnownFileType = sourcecode.swift; path = OnboardingContainerViewModel.swift; sourceTree = "<group>"; };
		D0EB4E072AC2213300EA83F9 /* OnboardingInfoViewModel.swift */ = {isa = PBXFileReference; lastKnownFileType = sourcecode.swift; path = OnboardingInfoViewModel.swift; sourceTree = "<group>"; };
		D0EB4E092AC222A900EA83F9 /* SatoButton.swift */ = {isa = PBXFileReference; lastKnownFileType = sourcecode.swift; path = SatoButton.swift; sourceTree = "<group>"; };
		D0EB4E0B2AC2283400EA83F9 /* OnboardingNFCViewModel.swift */ = {isa = PBXFileReference; lastKnownFileType = sourcecode.swift; path = OnboardingNFCViewModel.swift; sourceTree = "<group>"; };
		D0EB4E0D2AC22A9B00EA83F9 /* HomeView.swift */ = {isa = PBXFileReference; lastKnownFileType = sourcecode.swift; path = HomeView.swift; sourceTree = "<group>"; };
		D0EB4E0F2AC22AD300EA83F9 /* HomeViewModel.swift */ = {isa = PBXFileReference; lastKnownFileType = sourcecode.swift; path = HomeViewModel.swift; sourceTree = "<group>"; };
		D0EB4E122AC22F3500EA83F9 /* VaultSetupSelectChainView.swift */ = {isa = PBXFileReference; lastKnownFileType = sourcecode.swift; path = VaultSetupSelectChainView.swift; sourceTree = "<group>"; };
		D0EB4E142AC22F4200EA83F9 /* VaultSetupSelectChainViewModel.swift */ = {isa = PBXFileReference; lastKnownFileType = sourcecode.swift; path = VaultSetupSelectChainViewModel.swift; sourceTree = "<group>"; };
		D0EB4E162AC2370400EA83F9 /* Poppins-Bold.ttf */ = {isa = PBXFileReference; lastKnownFileType = file; path = "Poppins-Bold.ttf"; sourceTree = "<group>"; };
		D0EB4E172AC24DF600EA83F9 /* AppDelegate.swift */ = {isa = PBXFileReference; lastKnownFileType = sourcecode.swift; path = AppDelegate.swift; sourceTree = "<group>"; };
		D0F62FB12ACDB27F0027EFE6 /* CryptoSelectionCell.swift */ = {isa = PBXFileReference; lastKnownFileType = sourcecode.swift; path = CryptoSelectionCell.swift; sourceTree = "<group>"; };
		D0F62FB52ACDBAA70027EFE6 /* CryptoCurrency.swift */ = {isa = PBXFileReference; lastKnownFileType = sourcecode.swift; path = CryptoCurrency.swift; sourceTree = "<group>"; };
		D0F62FB72ACDC72D0027EFE6 /* Poppins-ExtraBold.ttf */ = {isa = PBXFileReference; lastKnownFileType = file; path = "Poppins-ExtraBold.ttf"; sourceTree = "<group>"; };
		D0F62FB92ACDC7BA0027EFE6 /* Poppins-Bold2.ttf */ = {isa = PBXFileReference; lastKnownFileType = file; path = "Poppins-Bold2.ttf"; sourceTree = "<group>"; };
		D0F62FBB2ACDCDFE0027EFE6 /* VaultSetupCreateView.swift */ = {isa = PBXFileReference; lastKnownFileType = sourcecode.swift; path = VaultSetupCreateView.swift; sourceTree = "<group>"; };
		D0F62FBD2ACDCE080027EFE6 /* VaultSetupCreateViewModel.swift */ = {isa = PBXFileReference; lastKnownFileType = sourcecode.swift; path = VaultSetupCreateViewModel.swift; sourceTree = "<group>"; };
		D0F62FBF2ACDD2ED0027EFE6 /* Outfit-Bold.ttf */ = {isa = PBXFileReference; lastKnownFileType = file; path = "Outfit-Bold.ttf"; sourceTree = "<group>"; };
		D0F62FC12ACDD5DE0027EFE6 /* InfoBox.swift */ = {isa = PBXFileReference; lastKnownFileType = sourcecode.swift; path = InfoBox.swift; sourceTree = "<group>"; };
		D0F62FC32ACDE11E0027EFE6 /* SatoToggle.swift */ = {isa = PBXFileReference; lastKnownFileType = sourcecode.swift; path = SatoToggle.swift; sourceTree = "<group>"; };
		D0F62FC52ACDFD0B0027EFE6 /* VaultSetupCongratsView.swift */ = {isa = PBXFileReference; lastKnownFileType = sourcecode.swift; path = VaultSetupCongratsView.swift; sourceTree = "<group>"; };
		D0F62FC72ACDFD330027EFE6 /* VaultSetupCongratsViewModel.swift */ = {isa = PBXFileReference; lastKnownFileType = sourcecode.swift; path = VaultSetupCongratsViewModel.swift; sourceTree = "<group>"; };
/* End PBXFileReference section */

/* Begin PBXFrameworksBuildPhase section */
		0DA7B454299A365900CEE722 /* Frameworks */ = {
			isa = PBXFrameworksBuildPhase;
			buildActionMask = 2147483647;
			files = (
				0DA7B4B1299A4D6D00CEE722 /* SatochipSwift in Frameworks */,
				0DA7B4B3299A4D7E00CEE722 /* SwiftCryptoTools in Frameworks */,
				0DA7B4B6299A4E6400CEE722 /* QRCode in Frameworks */,
				D0EB4DE52AC079B200EA83F9 /* SwiftCryptoTools in Frameworks */,
			);
			runOnlyForDeploymentPostprocessing = 0;
		};
		0DA7B465299A366300CEE722 /* Frameworks */ = {
			isa = PBXFrameworksBuildPhase;
			buildActionMask = 2147483647;
			files = (
			);
			runOnlyForDeploymentPostprocessing = 0;
		};
		0DA7B46F299A366300CEE722 /* Frameworks */ = {
			isa = PBXFrameworksBuildPhase;
			buildActionMask = 2147483647;
			files = (
			);
			runOnlyForDeploymentPostprocessing = 0;
		};
/* End PBXFrameworksBuildPhase section */

/* Begin PBXGroup section */
		0DA7B44E299A365900CEE722 = {
			isa = PBXGroup;
			children = (
				0DA7B4AA299A412B00CEE722 /* Packages */,
				0DA7B459299A365900CEE722 /* Satodime */,
				0DA7B46B299A366300CEE722 /* SatodimeTests */,
				0DA7B475299A366300CEE722 /* SatodimeUITests */,
				0DA7B458299A365900CEE722 /* Products */,
				0DA7B4AF299A4D6D00CEE722 /* Frameworks */,
			);
			sourceTree = "<group>";
		};
		0DA7B458299A365900CEE722 /* Products */ = {
			isa = PBXGroup;
			children = (
				0DA7B457299A365900CEE722 /* Satodime.app */,
				0DA7B468299A366300CEE722 /* SatodimeTests.xctest */,
				0DA7B472299A366300CEE722 /* SatodimeUITests.xctest */,
			);
			name = Products;
			sourceTree = "<group>";
		};
		0DA7B459299A365900CEE722 /* Satodime */ = {
			isa = PBXGroup;
			children = (
				D0F62FB42ACDBA980027EFE6 /* Core */,
				D0EB4DFC2AC1DFD200EA83F9 /* Helpers */,
				D0EB4DEE2AC1D36400EA83F9 /* Resources */,
				D0EB4DEB2AC1D24600EA83F9 /* Components */,
				D0EB4DE62AC0837C00EA83F9 /* Journeys */,
				0DA7B4A7299A38B500CEE722 /* Info.plist */,
				0DA7B4C0299A8ADA00CEE722 /* InfoPlist.strings */,
				0DA7B4BE299A81D900CEE722 /* Localizable.strings */,
				0DA7B492299A37B400CEE722 /* AcceptCard.swift */,
				0DA7B485299A37B200CEE722 /* ActionParams.swift */,
				D0EB4E172AC24DF600EA83F9 /* AppDelegate.swift */,
				0DA7B48A299A37B300CEE722 /* Apikeys-Info.plist */,
				0DA7B491299A37B400CEE722 /* CardInfo.swift */,
				0DA7B48F299A37B400CEE722 /* NfcReader.swift */,
				0DA7B48B299A37B300CEE722 /* ResetSlot.swift */,
				0DA7B486299A37B200CEE722 /* SealSlot.swift */,
				0DA7B488299A37B200CEE722 /* Settings.swift */,
				0DA7B48C299A37B300CEE722 /* ShowCertificates.swift */,
				0DA7B489299A37B300CEE722 /* ShowDetails.swift */,
				0DA7B490299A37B400CEE722 /* SideMenu.swift */,
				0DA7B494299A37B400CEE722 /* TransferCard.swift */,
				0DA7B48E299A37B300CEE722 /* UnknownAction.swift */,
				0DA7B48D299A37B300CEE722 /* UnsealSlot.swift */,
				0DA7B487299A37B200CEE722 /* Util.swift */,
				0DA7B493299A37B400CEE722 /* VaultItem.swift */,
				0DA7B45A299A365900CEE722 /* SatodimeApp.swift */,
				0DA7B45C299A365900CEE722 /* ContentView.swift */,
				0DA7B45E299A366200CEE722 /* Assets.xcassets */,
				0DA7B460299A366200CEE722 /* Satodime.entitlements */,
				0DA7B461299A366200CEE722 /* Preview Content */,
				0DB03FC929A7F813002E56BD /* ShowLogs.swift */,
				0DB03FD329BB70AA002E56BD /* contracts_ETH_Token */,
				0DB03FD529BB7192002E56BD /* ContractsFile.swift */,
				0DB03FD729BB7204002E56BD /* ContractsCache.swift */,
				0DB03FD929BB94C0002E56BD /* ContractsAutocomplete.swift */,
				0DB03FDB29BCCA9B002E56BD /* contracts_ETH_NFT */,
				0DB03FDD29BF5A61002E56BD /* contracts_XCP_NFT */,
				0DB03FDF29BF62E7002E56BD /* contracts_XCP_Token */,
				0DB03FE129D21CFD002E56BD /* Apikeys-Info-sample.plist */,
			);
			path = Satodime;
			sourceTree = "<group>";
		};
		0DA7B461299A366200CEE722 /* Preview Content */ = {
			isa = PBXGroup;
			children = (
				0DA7B462299A366200CEE722 /* Preview Assets.xcassets */,
			);
			path = "Preview Content";
			sourceTree = "<group>";
		};
		0DA7B46B299A366300CEE722 /* SatodimeTests */ = {
			isa = PBXGroup;
			children = (
				0DA7B46C299A366300CEE722 /* SatodimeTests.swift */,
			);
			path = SatodimeTests;
			sourceTree = "<group>";
		};
		0DA7B475299A366300CEE722 /* SatodimeUITests */ = {
			isa = PBXGroup;
			children = (
				0DA7B476299A366300CEE722 /* SatodimeUITests.swift */,
				0DA7B478299A366300CEE722 /* SatodimeUITestsLaunchTests.swift */,
			);
			path = SatodimeUITests;
			sourceTree = "<group>";
		};
		0DA7B4AA299A412B00CEE722 /* Packages */ = {
			isa = PBXGroup;
			children = (
				0DA7B4AC299A4B1B00CEE722 /* SatochipSwift */,
			);
			name = Packages;
			sourceTree = "<group>";
		};
		0DA7B4AF299A4D6D00CEE722 /* Frameworks */ = {
			isa = PBXGroup;
			children = (
			);
			name = Frameworks;
			sourceTree = "<group>";
		};
		D0EB4DE62AC0837C00EA83F9 /* Journeys */ = {
			isa = PBXGroup;
			children = (
				D0EB4E112AC22D2800EA83F9 /* VaultSetup */,
				D0EB4DEA2AC1D03A00EA83F9 /* Onboarding */,
				D0EB4DE72AC083B900EA83F9 /* Home */,
			);
			path = Journeys;
			sourceTree = "<group>";
		};
		D0EB4DE72AC083B900EA83F9 /* Home */ = {
			isa = PBXGroup;
			children = (
				D0EB4E0D2AC22A9B00EA83F9 /* HomeView.swift */,
				D0EB4E0F2AC22AD300EA83F9 /* HomeViewModel.swift */,
			);
			path = Home;
			sourceTree = "<group>";
		};
		D0EB4DEA2AC1D03A00EA83F9 /* Onboarding */ = {
			isa = PBXGroup;
			children = (
				D0EB4DF42AC1D5E100EA83F9 /* OnboardingContainerView.swift */,
				D0EB4E052AC2008F00EA83F9 /* OnboardingContainerViewModel.swift */,
				D0EB4DF62AC1D62300EA83F9 /* OnBoardingWelcomeView.swift */,
				D0EB4E012AC1EC3700EA83F9 /* OnboardingWelcomeViewModel.swift */,
				D0EB4DF82AC1D66F00EA83F9 /* OnboardingInfoView.swift */,
				D0EB4E072AC2213300EA83F9 /* OnboardingInfoViewModel.swift */,
				D0EB4DFA2AC1D69100EA83F9 /* OnboardingNFCView.swift */,
				D0EB4E0B2AC2283400EA83F9 /* OnboardingNFCViewModel.swift */,
			);
			path = Onboarding;
			sourceTree = "<group>";
		};
		D0EB4DEB2AC1D24600EA83F9 /* Components */ = {
			isa = PBXGroup;
			children = (
				D0F62FB02ACDB26C0027EFE6 /* Cells */,
				D0EB4DEC2AC1D26900EA83F9 /* SatoText.swift */,
				D0EB4E092AC222A900EA83F9 /* SatoButton.swift */,
				D0F62FC12ACDD5DE0027EFE6 /* InfoBox.swift */,
				D0F62FC32ACDE11E0027EFE6 /* SatoToggle.swift */,
			);
			path = Components;
			sourceTree = "<group>";
		};
		D0EB4DEE2AC1D36400EA83F9 /* Resources */ = {
			isa = PBXGroup;
			children = (
				D0EB4DEF2AC1D39100EA83F9 /* Fonts */,
				D0EB4DFF2AC1E02E00EA83F9 /* Constants.swift */,
			);
			path = Resources;
			sourceTree = "<group>";
		};
		D0EB4DEF2AC1D39100EA83F9 /* Fonts */ = {
			isa = PBXGroup;
			children = (
				D0F62FBF2ACDD2ED0027EFE6 /* Outfit-Bold.ttf */,
				D0F62FB92ACDC7BA0027EFE6 /* Poppins-Bold2.ttf */,
				D0F62FB72ACDC72D0027EFE6 /* Poppins-ExtraBold.ttf */,
				D0EB4E162AC2370400EA83F9 /* Poppins-Bold.ttf */,
				D0EB4E032AC1FB7100EA83F9 /* Outfit-Medium.ttf */,
				D0EB4DF22AC1D3FE00EA83F9 /* OpenSans-variable.ttf */,
				D0EB4DF02AC1D39D00EA83F9 /* Outfit-variable.ttf */,
			);
			path = Fonts;
			sourceTree = "<group>";
		};
		D0EB4DFC2AC1DFD200EA83F9 /* Helpers */ = {
			isa = PBXGroup;
			children = (
				D0EB4DFD2AC1DFE400EA83F9 /* Colors.swift */,
			);
			path = Helpers;
			sourceTree = "<group>";
		};
		D0EB4E112AC22D2800EA83F9 /* VaultSetup */ = {
			isa = PBXGroup;
			children = (
				D0EB4E122AC22F3500EA83F9 /* VaultSetupSelectChainView.swift */,
				D0EB4E142AC22F4200EA83F9 /* VaultSetupSelectChainViewModel.swift */,
				D0F62FBB2ACDCDFE0027EFE6 /* VaultSetupCreateView.swift */,
				D0F62FBD2ACDCE080027EFE6 /* VaultSetupCreateViewModel.swift */,
				D0F62FC52ACDFD0B0027EFE6 /* VaultSetupCongratsView.swift */,
				D0F62FC72ACDFD330027EFE6 /* VaultSetupCongratsViewModel.swift */,
			);
			path = VaultSetup;
			sourceTree = "<group>";
		};
		D0F62FB02ACDB26C0027EFE6 /* Cells */ = {
			isa = PBXGroup;
			children = (
				D0F62FB12ACDB27F0027EFE6 /* CryptoSelectionCell.swift */,
			);
			path = Cells;
			sourceTree = "<group>";
		};
		D0F62FB42ACDBA980027EFE6 /* Core */ = {
			isa = PBXGroup;
			children = (
				D0F62FB52ACDBAA70027EFE6 /* CryptoCurrency.swift */,
			);
			path = Core;
			sourceTree = "<group>";
		};
/* End PBXGroup section */

/* Begin PBXNativeTarget section */
		0DA7B456299A365900CEE722 /* Satodime */ = {
			isa = PBXNativeTarget;
			buildConfigurationList = 0DA7B47C299A366400CEE722 /* Build configuration list for PBXNativeTarget "Satodime" */;
			buildPhases = (
				0DA7B453299A365900CEE722 /* Sources */,
				0DA7B454299A365900CEE722 /* Frameworks */,
				0DA7B455299A365900CEE722 /* Resources */,
			);
			buildRules = (
			);
			dependencies = (
			);
			name = Satodime;
			packageProductDependencies = (
				0DA7B4B0299A4D6D00CEE722 /* SatochipSwift */,
				0DA7B4B2299A4D7E00CEE722 /* SwiftCryptoTools */,
				0DA7B4B5299A4E6400CEE722 /* QRCode */,
				D0EB4DE42AC079B200EA83F9 /* SwiftCryptoTools */,
			);
			productName = Satodime;
			productReference = 0DA7B457299A365900CEE722 /* Satodime.app */;
			productType = "com.apple.product-type.application";
		};
		0DA7B467299A366300CEE722 /* SatodimeTests */ = {
			isa = PBXNativeTarget;
			buildConfigurationList = 0DA7B47F299A366400CEE722 /* Build configuration list for PBXNativeTarget "SatodimeTests" */;
			buildPhases = (
				0DA7B464299A366300CEE722 /* Sources */,
				0DA7B465299A366300CEE722 /* Frameworks */,
				0DA7B466299A366300CEE722 /* Resources */,
			);
			buildRules = (
			);
			dependencies = (
				0DA7B46A299A366300CEE722 /* PBXTargetDependency */,
			);
			name = SatodimeTests;
			productName = SatodimeTests;
			productReference = 0DA7B468299A366300CEE722 /* SatodimeTests.xctest */;
			productType = "com.apple.product-type.bundle.unit-test";
		};
		0DA7B471299A366300CEE722 /* SatodimeUITests */ = {
			isa = PBXNativeTarget;
			buildConfigurationList = 0DA7B482299A366400CEE722 /* Build configuration list for PBXNativeTarget "SatodimeUITests" */;
			buildPhases = (
				0DA7B46E299A366300CEE722 /* Sources */,
				0DA7B46F299A366300CEE722 /* Frameworks */,
				0DA7B470299A366300CEE722 /* Resources */,
			);
			buildRules = (
			);
			dependencies = (
				0DA7B474299A366300CEE722 /* PBXTargetDependency */,
			);
			name = SatodimeUITests;
			productName = SatodimeUITests;
			productReference = 0DA7B472299A366300CEE722 /* SatodimeUITests.xctest */;
			productType = "com.apple.product-type.bundle.ui-testing";
		};
/* End PBXNativeTarget section */

/* Begin PBXProject section */
		0DA7B44F299A365900CEE722 /* Project object */ = {
			isa = PBXProject;
			attributes = {
				BuildIndependentTargetsInParallel = 1;
				LastSwiftUpdateCheck = 1410;
				LastUpgradeCheck = 1410;
				TargetAttributes = {
					0DA7B456299A365900CEE722 = {
						CreatedOnToolsVersion = 14.1;
					};
					0DA7B467299A366300CEE722 = {
						CreatedOnToolsVersion = 14.1;
						TestTargetID = 0DA7B456299A365900CEE722;
					};
					0DA7B471299A366300CEE722 = {
						CreatedOnToolsVersion = 14.1;
						TestTargetID = 0DA7B456299A365900CEE722;
					};
				};
			};
			buildConfigurationList = 0DA7B452299A365900CEE722 /* Build configuration list for PBXProject "Satodime" */;
			compatibilityVersion = "Xcode 14.0";
			developmentRegion = en;
			hasScannedForEncodings = 0;
			knownRegions = (
				en,
				Base,
				fr,
			);
			mainGroup = 0DA7B44E299A365900CEE722;
			packageReferences = (
				0DA7B4B4299A4E6400CEE722 /* XCRemoteSwiftPackageReference "QRCode" */,
				D0EB4DE32AC079B200EA83F9 /* XCLocalSwiftPackageReference "../../keycard-xcode14/SwiftCryptoTools" */,
			);
			productRefGroup = 0DA7B458299A365900CEE722 /* Products */;
			projectDirPath = "";
			projectRoot = "";
			targets = (
				0DA7B456299A365900CEE722 /* Satodime */,
				0DA7B467299A366300CEE722 /* SatodimeTests */,
				0DA7B471299A366300CEE722 /* SatodimeUITests */,
			);
		};
/* End PBXProject section */

/* Begin PBXResourcesBuildPhase section */
		0DA7B455299A365900CEE722 /* Resources */ = {
			isa = PBXResourcesBuildPhase;
			buildActionMask = 2147483647;
			files = (
				0DA7B4B7299A589E00CEE722 /* Apikeys-Info.plist in Resources */,
				0DB03FE229D21CFD002E56BD /* Apikeys-Info-sample.plist in Resources */,
				0DB03FD429BB70AA002E56BD /* contracts_ETH_Token in Resources */,
				D0EB4DF12AC1D39D00EA83F9 /* Outfit-variable.ttf in Resources */,
				0DA7B4C2299A8ADA00CEE722 /* InfoPlist.strings in Resources */,
				0DB03FDE29BF5A62002E56BD /* contracts_XCP_NFT in Resources */,
				0DB03FE029BF62E7002E56BD /* contracts_XCP_Token in Resources */,
				0DA7B4BC299A81D900CEE722 /* Localizable.strings in Resources */,
				D0F62FBA2ACDC7BA0027EFE6 /* Poppins-Bold2.ttf in Resources */,
				0DB03FDC29BCCA9C002E56BD /* contracts_ETH_NFT in Resources */,
				0DA7B45F299A366200CEE722 /* Assets.xcassets in Resources */,
				D0EB4E042AC1FB7100EA83F9 /* Outfit-Medium.ttf in Resources */,
				D0F62FC02ACDD2ED0027EFE6 /* Outfit-Bold.ttf in Resources */,
				D0EB4DF32AC1D3FE00EA83F9 /* OpenSans-variable.ttf in Resources */,
				D0F62FB82ACDC72D0027EFE6 /* Poppins-ExtraBold.ttf in Resources */,
			);
			runOnlyForDeploymentPostprocessing = 0;
		};
		0DA7B466299A366300CEE722 /* Resources */ = {
			isa = PBXResourcesBuildPhase;
			buildActionMask = 2147483647;
			files = (
			);
			runOnlyForDeploymentPostprocessing = 0;
		};
		0DA7B470299A366300CEE722 /* Resources */ = {
			isa = PBXResourcesBuildPhase;
			buildActionMask = 2147483647;
			files = (
			);
			runOnlyForDeploymentPostprocessing = 0;
		};
/* End PBXResourcesBuildPhase section */

/* Begin PBXSourcesBuildPhase section */
		0DA7B453299A365900CEE722 /* Sources */ = {
			isa = PBXSourcesBuildPhase;
			buildActionMask = 2147483647;
			files = (
				D0EB4DF72AC1D62300EA83F9 /* OnBoardingWelcomeView.swift in Sources */,
				D0F62FBC2ACDCDFE0027EFE6 /* VaultSetupCreateView.swift in Sources */,
				D0F62FC82ACDFD330027EFE6 /* VaultSetupCongratsViewModel.swift in Sources */,
				0DA7B49F299A37B500CEE722 /* NfcReader.swift in Sources */,
				D0EB4E182AC24DF600EA83F9 /* AppDelegate.swift in Sources */,
				D0EB4E152AC22F4200EA83F9 /* VaultSetupSelectChainViewModel.swift in Sources */,
				D0EB4E022AC1EC3700EA83F9 /* OnboardingWelcomeViewModel.swift in Sources */,
				0DB03FDA29BB94C0002E56BD /* ContractsAutocomplete.swift in Sources */,
				0DA7B499299A37B500CEE722 /* ShowDetails.swift in Sources */,
				D0EB4E132AC22F3500EA83F9 /* VaultSetupSelectChainView.swift in Sources */,
				D0F62FC22ACDD5DE0027EFE6 /* InfoBox.swift in Sources */,
				D0EB4E0E2AC22A9B00EA83F9 /* HomeView.swift in Sources */,
				0DA7B49D299A37B500CEE722 /* UnsealSlot.swift in Sources */,
				0DA7B498299A37B500CEE722 /* Settings.swift in Sources */,
				0DA7B49E299A37B500CEE722 /* UnknownAction.swift in Sources */,
				0DA7B4A3299A37B500CEE722 /* VaultItem.swift in Sources */,
				D0EB4E0C2AC2283400EA83F9 /* OnboardingNFCViewModel.swift in Sources */,
				D0F62FB62ACDBAA70027EFE6 /* CryptoCurrency.swift in Sources */,
				0DA7B49C299A37B500CEE722 /* ShowCertificates.swift in Sources */,
				0DA7B496299A37B500CEE722 /* SealSlot.swift in Sources */,
				D0EB4DFE2AC1DFE400EA83F9 /* Colors.swift in Sources */,
				D0F62FC62ACDFD0B0027EFE6 /* VaultSetupCongratsView.swift in Sources */,
				D0EB4E002AC1E02E00EA83F9 /* Constants.swift in Sources */,
				D0EB4DF52AC1D5E100EA83F9 /* OnboardingContainerView.swift in Sources */,
				D0F62FBE2ACDCE080027EFE6 /* VaultSetupCreateViewModel.swift in Sources */,
				0DA7B45D299A365900CEE722 /* ContentView.swift in Sources */,
				D0F62FC42ACDE11E0027EFE6 /* SatoToggle.swift in Sources */,
				D0EB4E062AC2008F00EA83F9 /* OnboardingContainerViewModel.swift in Sources */,
				D0F62FB22ACDB27F0027EFE6 /* CryptoSelectionCell.swift in Sources */,
				0DB03FD829BB7204002E56BD /* ContractsCache.swift in Sources */,
				0DA7B4A0299A37B500CEE722 /* SideMenu.swift in Sources */,
				D0EB4DF92AC1D66F00EA83F9 /* OnboardingInfoView.swift in Sources */,
				D0EB4DFB2AC1D69100EA83F9 /* OnboardingNFCView.swift in Sources */,
				0DA7B4A4299A37B500CEE722 /* TransferCard.swift in Sources */,
				D0EB4E102AC22AD300EA83F9 /* HomeViewModel.swift in Sources */,
				D0EB4DED2AC1D26900EA83F9 /* SatoText.swift in Sources */,
				0DA7B497299A37B500CEE722 /* Util.swift in Sources */,
				0DA7B495299A37B500CEE722 /* ActionParams.swift in Sources */,
				D0EB4E082AC2213300EA83F9 /* OnboardingInfoViewModel.swift in Sources */,
				0DB03FCA29A7F813002E56BD /* ShowLogs.swift in Sources */,
				0DA7B45B299A365900CEE722 /* SatodimeApp.swift in Sources */,
				0DA7B4A2299A37B500CEE722 /* AcceptCard.swift in Sources */,
				0DA7B49B299A37B500CEE722 /* ResetSlot.swift in Sources */,
				0DA7B4A1299A37B500CEE722 /* CardInfo.swift in Sources */,
				D0EB4E0A2AC222A900EA83F9 /* SatoButton.swift in Sources */,
				0DB03FD629BB7192002E56BD /* ContractsFile.swift in Sources */,
			);
			runOnlyForDeploymentPostprocessing = 0;
		};
		0DA7B464299A366300CEE722 /* Sources */ = {
			isa = PBXSourcesBuildPhase;
			buildActionMask = 2147483647;
			files = (
				0DA7B46D299A366300CEE722 /* SatodimeTests.swift in Sources */,
			);
			runOnlyForDeploymentPostprocessing = 0;
		};
		0DA7B46E299A366300CEE722 /* Sources */ = {
			isa = PBXSourcesBuildPhase;
			buildActionMask = 2147483647;
			files = (
				0DA7B479299A366300CEE722 /* SatodimeUITestsLaunchTests.swift in Sources */,
				0DA7B477299A366300CEE722 /* SatodimeUITests.swift in Sources */,
			);
			runOnlyForDeploymentPostprocessing = 0;
		};
/* End PBXSourcesBuildPhase section */

/* Begin PBXTargetDependency section */
		0DA7B46A299A366300CEE722 /* PBXTargetDependency */ = {
			isa = PBXTargetDependency;
			target = 0DA7B456299A365900CEE722 /* Satodime */;
			targetProxy = 0DA7B469299A366300CEE722 /* PBXContainerItemProxy */;
		};
		0DA7B474299A366300CEE722 /* PBXTargetDependency */ = {
			isa = PBXTargetDependency;
			target = 0DA7B456299A365900CEE722 /* Satodime */;
			targetProxy = 0DA7B473299A366300CEE722 /* PBXContainerItemProxy */;
		};
/* End PBXTargetDependency section */

/* Begin PBXVariantGroup section */
		0DA7B4BE299A81D900CEE722 /* Localizable.strings */ = {
			isa = PBXVariantGroup;
			children = (
				0DA7B4BD299A81D900CEE722 /* en */,
				0DA7B4BF299A821000CEE722 /* fr */,
			);
			name = Localizable.strings;
			sourceTree = "<group>";
		};
		0DA7B4C0299A8ADA00CEE722 /* InfoPlist.strings */ = {
			isa = PBXVariantGroup;
			children = (
				0DA7B4C1299A8ADA00CEE722 /* fr */,
			);
			name = InfoPlist.strings;
			sourceTree = "<group>";
		};
/* End PBXVariantGroup section */

/* Begin XCBuildConfiguration section */
		0DA7B47A299A366400CEE722 /* Debug */ = {
			isa = XCBuildConfiguration;
			buildSettings = {
				ALWAYS_SEARCH_USER_PATHS = NO;
				CLANG_ANALYZER_LOCALIZABILITY_NONLOCALIZED = YES;
				CLANG_ANALYZER_NONNULL = YES;
				CLANG_ANALYZER_NUMBER_OBJECT_CONVERSION = YES_AGGRESSIVE;
				CLANG_CXX_LANGUAGE_STANDARD = "gnu++20";
				CLANG_ENABLE_MODULES = YES;
				CLANG_ENABLE_OBJC_ARC = YES;
				CLANG_ENABLE_OBJC_WEAK = YES;
				CLANG_WARN_BLOCK_CAPTURE_AUTORELEASING = YES;
				CLANG_WARN_BOOL_CONVERSION = YES;
				CLANG_WARN_COMMA = YES;
				CLANG_WARN_CONSTANT_CONVERSION = YES;
				CLANG_WARN_DEPRECATED_OBJC_IMPLEMENTATIONS = YES;
				CLANG_WARN_DIRECT_OBJC_ISA_USAGE = YES_ERROR;
				CLANG_WARN_DOCUMENTATION_COMMENTS = YES;
				CLANG_WARN_EMPTY_BODY = YES;
				CLANG_WARN_ENUM_CONVERSION = YES;
				CLANG_WARN_INFINITE_RECURSION = YES;
				CLANG_WARN_INT_CONVERSION = YES;
				CLANG_WARN_NON_LITERAL_NULL_CONVERSION = YES;
				CLANG_WARN_OBJC_IMPLICIT_RETAIN_SELF = YES;
				CLANG_WARN_OBJC_LITERAL_CONVERSION = YES;
				CLANG_WARN_OBJC_ROOT_CLASS = YES_ERROR;
				CLANG_WARN_QUOTED_INCLUDE_IN_FRAMEWORK_HEADER = YES;
				CLANG_WARN_RANGE_LOOP_ANALYSIS = YES;
				CLANG_WARN_STRICT_PROTOTYPES = YES;
				CLANG_WARN_SUSPICIOUS_MOVE = YES;
				CLANG_WARN_UNGUARDED_AVAILABILITY = YES_AGGRESSIVE;
				CLANG_WARN_UNREACHABLE_CODE = YES;
				CLANG_WARN__DUPLICATE_METHOD_MATCH = YES;
				COPY_PHASE_STRIP = NO;
				DEBUG_INFORMATION_FORMAT = dwarf;
				ENABLE_STRICT_OBJC_MSGSEND = YES;
				ENABLE_TESTABILITY = YES;
				GCC_C_LANGUAGE_STANDARD = gnu11;
				GCC_DYNAMIC_NO_PIC = NO;
				GCC_NO_COMMON_BLOCKS = YES;
				GCC_OPTIMIZATION_LEVEL = 0;
				GCC_PREPROCESSOR_DEFINITIONS = (
					"DEBUG=1",
					"$(inherited)",
				);
				GCC_WARN_64_TO_32_BIT_CONVERSION = YES;
				GCC_WARN_ABOUT_RETURN_TYPE = YES_ERROR;
				GCC_WARN_UNDECLARED_SELECTOR = YES;
				GCC_WARN_UNINITIALIZED_AUTOS = YES_AGGRESSIVE;
				GCC_WARN_UNUSED_FUNCTION = YES;
				GCC_WARN_UNUSED_VARIABLE = YES;
				INFOPLIST_FILE = "/Users/satochip/Documents/github/app-ios/Satodime/Satodime/Info.plist";
				MTL_ENABLE_DEBUG_INFO = INCLUDE_SOURCE;
				MTL_FAST_MATH = YES;
				ONLY_ACTIVE_ARCH = YES;
				SWIFT_ACTIVE_COMPILATION_CONDITIONS = DEBUG;
				SWIFT_OPTIMIZATION_LEVEL = "-Onone";
			};
			name = Debug;
		};
		0DA7B47B299A366400CEE722 /* Release */ = {
			isa = XCBuildConfiguration;
			buildSettings = {
				ALWAYS_SEARCH_USER_PATHS = NO;
				CLANG_ANALYZER_LOCALIZABILITY_NONLOCALIZED = YES;
				CLANG_ANALYZER_NONNULL = YES;
				CLANG_ANALYZER_NUMBER_OBJECT_CONVERSION = YES_AGGRESSIVE;
				CLANG_CXX_LANGUAGE_STANDARD = "gnu++20";
				CLANG_ENABLE_MODULES = YES;
				CLANG_ENABLE_OBJC_ARC = YES;
				CLANG_ENABLE_OBJC_WEAK = YES;
				CLANG_WARN_BLOCK_CAPTURE_AUTORELEASING = YES;
				CLANG_WARN_BOOL_CONVERSION = YES;
				CLANG_WARN_COMMA = YES;
				CLANG_WARN_CONSTANT_CONVERSION = YES;
				CLANG_WARN_DEPRECATED_OBJC_IMPLEMENTATIONS = YES;
				CLANG_WARN_DIRECT_OBJC_ISA_USAGE = YES_ERROR;
				CLANG_WARN_DOCUMENTATION_COMMENTS = YES;
				CLANG_WARN_EMPTY_BODY = YES;
				CLANG_WARN_ENUM_CONVERSION = YES;
				CLANG_WARN_INFINITE_RECURSION = YES;
				CLANG_WARN_INT_CONVERSION = YES;
				CLANG_WARN_NON_LITERAL_NULL_CONVERSION = YES;
				CLANG_WARN_OBJC_IMPLICIT_RETAIN_SELF = YES;
				CLANG_WARN_OBJC_LITERAL_CONVERSION = YES;
				CLANG_WARN_OBJC_ROOT_CLASS = YES_ERROR;
				CLANG_WARN_QUOTED_INCLUDE_IN_FRAMEWORK_HEADER = YES;
				CLANG_WARN_RANGE_LOOP_ANALYSIS = YES;
				CLANG_WARN_STRICT_PROTOTYPES = YES;
				CLANG_WARN_SUSPICIOUS_MOVE = YES;
				CLANG_WARN_UNGUARDED_AVAILABILITY = YES_AGGRESSIVE;
				CLANG_WARN_UNREACHABLE_CODE = YES;
				CLANG_WARN__DUPLICATE_METHOD_MATCH = YES;
				COPY_PHASE_STRIP = NO;
				DEBUG_INFORMATION_FORMAT = "dwarf-with-dsym";
				ENABLE_NS_ASSERTIONS = NO;
				ENABLE_STRICT_OBJC_MSGSEND = YES;
				GCC_C_LANGUAGE_STANDARD = gnu11;
				GCC_NO_COMMON_BLOCKS = YES;
				GCC_WARN_64_TO_32_BIT_CONVERSION = YES;
				GCC_WARN_ABOUT_RETURN_TYPE = YES_ERROR;
				GCC_WARN_UNDECLARED_SELECTOR = YES;
				GCC_WARN_UNINITIALIZED_AUTOS = YES_AGGRESSIVE;
				GCC_WARN_UNUSED_FUNCTION = YES;
				GCC_WARN_UNUSED_VARIABLE = YES;
				INFOPLIST_FILE = "/Users/satochip/Documents/github/app-ios/Satodime/Satodime/Info.plist";
				MTL_ENABLE_DEBUG_INFO = NO;
				MTL_FAST_MATH = YES;
				SWIFT_COMPILATION_MODE = wholemodule;
				SWIFT_OPTIMIZATION_LEVEL = "-O";
			};
			name = Release;
		};
		0DA7B47D299A366400CEE722 /* Debug */ = {
			isa = XCBuildConfiguration;
			buildSettings = {
				ASSETCATALOG_COMPILER_APPICON_NAME = AppIcon;
				ASSETCATALOG_COMPILER_GLOBAL_ACCENT_COLOR_NAME = AccentColor;
				CODE_SIGN_ENTITLEMENTS = Satodime/Satodime.entitlements;
				CODE_SIGN_STYLE = Automatic;
				CURRENT_PROJECT_VERSION = 7;
				DEVELOPMENT_ASSET_PATHS = "\"Satodime/Preview Content\"";
				DEVELOPMENT_TEAM = F75Z9LY9DQ;
				ENABLE_HARDENED_RUNTIME = YES;
				ENABLE_PREVIEWS = YES;
				GENERATE_INFOPLIST_FILE = YES;
				INFOPLIST_FILE = Satodime/Info.plist;
				INFOPLIST_KEY_CFBundleDisplayName = Satodime;
				INFOPLIST_KEY_NFCReaderUsageDescription = "Enable Satodime usage";
				INFOPLIST_KEY_NSCameraUsageDescription = "Allows to scan QR code";
				"INFOPLIST_KEY_UIApplicationSceneManifest_Generation[sdk=iphoneos*]" = YES;
				"INFOPLIST_KEY_UIApplicationSceneManifest_Generation[sdk=iphonesimulator*]" = YES;
				INFOPLIST_KEY_UIApplicationSupportsIndirectInputEvents = YES;
				"INFOPLIST_KEY_UIApplicationSupportsIndirectInputEvents[sdk=iphoneos*]" = YES;
				"INFOPLIST_KEY_UIApplicationSupportsIndirectInputEvents[sdk=iphonesimulator*]" = YES;
				"INFOPLIST_KEY_UILaunchScreen_Generation[sdk=iphoneos*]" = YES;
				"INFOPLIST_KEY_UILaunchScreen_Generation[sdk=iphonesimulator*]" = YES;
				INFOPLIST_KEY_UIRequiredDeviceCapabilities = armv7;
				"INFOPLIST_KEY_UIStatusBarStyle[sdk=iphoneos*]" = UIStatusBarStyleDefault;
				"INFOPLIST_KEY_UIStatusBarStyle[sdk=iphonesimulator*]" = UIStatusBarStyleDefault;
				INFOPLIST_KEY_UISupportedInterfaceOrientations = "UIInterfaceOrientationPortrait UIInterfaceOrientationLandscapeLeft UIInterfaceOrientationLandscapeRight";
				INFOPLIST_KEY_UISupportedInterfaceOrientations_iPad = "UIInterfaceOrientationPortrait UIInterfaceOrientationPortraitUpsideDown UIInterfaceOrientationLandscapeLeft UIInterfaceOrientationLandscapeRight";
				INFOPLIST_KEY_UISupportedInterfaceOrientations_iPhone = "UIInterfaceOrientationPortrait UIInterfaceOrientationLandscapeLeft UIInterfaceOrientationLandscapeRight";
				IPHONEOS_DEPLOYMENT_TARGET = 15.0;
				LD_RUNPATH_SEARCH_PATHS = "@executable_path/Frameworks";
				"LD_RUNPATH_SEARCH_PATHS[sdk=macosx*]" = "@executable_path/../Frameworks";
				MACOSX_DEPLOYMENT_TARGET = 12.5;
				MARKETING_VERSION = 0.1.0;
				PRODUCT_BUNDLE_IDENTIFIER = io.satochip.app.Satodime;
				PRODUCT_NAME = "$(TARGET_NAME)";
				SDKROOT = auto;
				SUPPORTED_PLATFORMS = "iphoneos iphonesimulator";
				SUPPORTS_MACCATALYST = NO;
				SUPPORTS_MAC_DESIGNED_FOR_IPHONE_IPAD = YES;
				SWIFT_EMIT_LOC_STRINGS = YES;
				SWIFT_VERSION = 5.0;
				TARGETED_DEVICE_FAMILY = "1,2";
			};
			name = Debug;
		};
		0DA7B47E299A366400CEE722 /* Release */ = {
			isa = XCBuildConfiguration;
			buildSettings = {
				ASSETCATALOG_COMPILER_APPICON_NAME = AppIcon;
				ASSETCATALOG_COMPILER_GLOBAL_ACCENT_COLOR_NAME = AccentColor;
				CODE_SIGN_ENTITLEMENTS = Satodime/Satodime.entitlements;
				CODE_SIGN_STYLE = Automatic;
				CURRENT_PROJECT_VERSION = 7;
				DEVELOPMENT_ASSET_PATHS = "\"Satodime/Preview Content\"";
				DEVELOPMENT_TEAM = F75Z9LY9DQ;
				ENABLE_HARDENED_RUNTIME = YES;
				ENABLE_PREVIEWS = YES;
				GENERATE_INFOPLIST_FILE = YES;
				INFOPLIST_FILE = Satodime/Info.plist;
				INFOPLIST_KEY_CFBundleDisplayName = Satodime;
				INFOPLIST_KEY_NFCReaderUsageDescription = "Enable Satodime usage";
				INFOPLIST_KEY_NSCameraUsageDescription = "Allows to scan QR code";
				"INFOPLIST_KEY_UIApplicationSceneManifest_Generation[sdk=iphoneos*]" = YES;
				"INFOPLIST_KEY_UIApplicationSceneManifest_Generation[sdk=iphonesimulator*]" = YES;
				INFOPLIST_KEY_UIApplicationSupportsIndirectInputEvents = YES;
				"INFOPLIST_KEY_UIApplicationSupportsIndirectInputEvents[sdk=iphoneos*]" = YES;
				"INFOPLIST_KEY_UIApplicationSupportsIndirectInputEvents[sdk=iphonesimulator*]" = YES;
				"INFOPLIST_KEY_UILaunchScreen_Generation[sdk=iphoneos*]" = YES;
				"INFOPLIST_KEY_UILaunchScreen_Generation[sdk=iphonesimulator*]" = YES;
				INFOPLIST_KEY_UIRequiredDeviceCapabilities = armv7;
				"INFOPLIST_KEY_UIStatusBarStyle[sdk=iphoneos*]" = UIStatusBarStyleDefault;
				"INFOPLIST_KEY_UIStatusBarStyle[sdk=iphonesimulator*]" = UIStatusBarStyleDefault;
				INFOPLIST_KEY_UISupportedInterfaceOrientations = "UIInterfaceOrientationPortrait UIInterfaceOrientationLandscapeLeft UIInterfaceOrientationLandscapeRight";
				INFOPLIST_KEY_UISupportedInterfaceOrientations_iPad = "UIInterfaceOrientationPortrait UIInterfaceOrientationPortraitUpsideDown UIInterfaceOrientationLandscapeLeft UIInterfaceOrientationLandscapeRight";
				INFOPLIST_KEY_UISupportedInterfaceOrientations_iPhone = "UIInterfaceOrientationPortrait UIInterfaceOrientationLandscapeLeft UIInterfaceOrientationLandscapeRight";
				IPHONEOS_DEPLOYMENT_TARGET = 15.0;
				LD_RUNPATH_SEARCH_PATHS = "@executable_path/Frameworks";
				"LD_RUNPATH_SEARCH_PATHS[sdk=macosx*]" = "@executable_path/../Frameworks";
				MACOSX_DEPLOYMENT_TARGET = 12.5;
				MARKETING_VERSION = 0.1.0;
				PRODUCT_BUNDLE_IDENTIFIER = io.satochip.app.Satodime;
				PRODUCT_NAME = "$(TARGET_NAME)";
				SDKROOT = auto;
				SUPPORTED_PLATFORMS = "iphoneos iphonesimulator";
				SUPPORTS_MACCATALYST = NO;
				SUPPORTS_MAC_DESIGNED_FOR_IPHONE_IPAD = YES;
				SWIFT_EMIT_LOC_STRINGS = YES;
				SWIFT_VERSION = 5.0;
				TARGETED_DEVICE_FAMILY = "1,2";
			};
			name = Release;
		};
		0DA7B480299A366400CEE722 /* Debug */ = {
			isa = XCBuildConfiguration;
			buildSettings = {
				ALWAYS_EMBED_SWIFT_STANDARD_LIBRARIES = YES;
				BUNDLE_LOADER = "$(TEST_HOST)";
				CODE_SIGN_STYLE = Automatic;
				CURRENT_PROJECT_VERSION = 1;
				DEVELOPMENT_TEAM = F7NK36K3VQ;
				GENERATE_INFOPLIST_FILE = YES;
				IPHONEOS_DEPLOYMENT_TARGET = 16.1;
				MACOSX_DEPLOYMENT_TARGET = 12.5;
				MARKETING_VERSION = 1.0;
				PRODUCT_BUNDLE_IDENTIFIER = io.satochip.SatodimeTests;
				PRODUCT_NAME = "$(TARGET_NAME)";
				SDKROOT = auto;
				SUPPORTED_PLATFORMS = "iphoneos iphonesimulator macosx";
				SWIFT_EMIT_LOC_STRINGS = NO;
				SWIFT_VERSION = 5.0;
				TARGETED_DEVICE_FAMILY = "1,2";
				TEST_HOST = "$(BUILT_PRODUCTS_DIR)/Satodime.app/$(BUNDLE_EXECUTABLE_FOLDER_PATH)/Satodime";
			};
			name = Debug;
		};
		0DA7B481299A366400CEE722 /* Release */ = {
			isa = XCBuildConfiguration;
			buildSettings = {
				ALWAYS_EMBED_SWIFT_STANDARD_LIBRARIES = YES;
				BUNDLE_LOADER = "$(TEST_HOST)";
				CODE_SIGN_STYLE = Automatic;
				CURRENT_PROJECT_VERSION = 1;
				DEVELOPMENT_TEAM = F7NK36K3VQ;
				GENERATE_INFOPLIST_FILE = YES;
				IPHONEOS_DEPLOYMENT_TARGET = 16.1;
				MACOSX_DEPLOYMENT_TARGET = 12.5;
				MARKETING_VERSION = 1.0;
				PRODUCT_BUNDLE_IDENTIFIER = io.satochip.SatodimeTests;
				PRODUCT_NAME = "$(TARGET_NAME)";
				SDKROOT = auto;
				SUPPORTED_PLATFORMS = "iphoneos iphonesimulator macosx";
				SWIFT_EMIT_LOC_STRINGS = NO;
				SWIFT_VERSION = 5.0;
				TARGETED_DEVICE_FAMILY = "1,2";
				TEST_HOST = "$(BUILT_PRODUCTS_DIR)/Satodime.app/$(BUNDLE_EXECUTABLE_FOLDER_PATH)/Satodime";
			};
			name = Release;
		};
		0DA7B483299A366400CEE722 /* Debug */ = {
			isa = XCBuildConfiguration;
			buildSettings = {
				ALWAYS_EMBED_SWIFT_STANDARD_LIBRARIES = YES;
				CODE_SIGN_STYLE = Automatic;
				CURRENT_PROJECT_VERSION = 1;
				DEVELOPMENT_TEAM = F7NK36K3VQ;
				GENERATE_INFOPLIST_FILE = YES;
				IPHONEOS_DEPLOYMENT_TARGET = 16.1;
				MACOSX_DEPLOYMENT_TARGET = 12.5;
				MARKETING_VERSION = 1.0;
				PRODUCT_BUNDLE_IDENTIFIER = io.satochip.SatodimeUITests;
				PRODUCT_NAME = "$(TARGET_NAME)";
				SDKROOT = auto;
				SUPPORTED_PLATFORMS = "iphoneos iphonesimulator macosx";
				SWIFT_EMIT_LOC_STRINGS = NO;
				SWIFT_VERSION = 5.0;
				TARGETED_DEVICE_FAMILY = "1,2";
				TEST_TARGET_NAME = Satodime;
			};
			name = Debug;
		};
		0DA7B484299A366400CEE722 /* Release */ = {
			isa = XCBuildConfiguration;
			buildSettings = {
				ALWAYS_EMBED_SWIFT_STANDARD_LIBRARIES = YES;
				CODE_SIGN_STYLE = Automatic;
				CURRENT_PROJECT_VERSION = 1;
				DEVELOPMENT_TEAM = F7NK36K3VQ;
				GENERATE_INFOPLIST_FILE = YES;
				IPHONEOS_DEPLOYMENT_TARGET = 16.1;
				MACOSX_DEPLOYMENT_TARGET = 12.5;
				MARKETING_VERSION = 1.0;
				PRODUCT_BUNDLE_IDENTIFIER = io.satochip.SatodimeUITests;
				PRODUCT_NAME = "$(TARGET_NAME)";
				SDKROOT = auto;
				SUPPORTED_PLATFORMS = "iphoneos iphonesimulator macosx";
				SWIFT_EMIT_LOC_STRINGS = NO;
				SWIFT_VERSION = 5.0;
				TARGETED_DEVICE_FAMILY = "1,2";
				TEST_TARGET_NAME = Satodime;
			};
			name = Release;
		};
		D0EB4DDE2AC0769400EA83F9 /* Dev */ = {
			isa = XCBuildConfiguration;
			buildSettings = {
				ALWAYS_SEARCH_USER_PATHS = NO;
				CLANG_ANALYZER_LOCALIZABILITY_NONLOCALIZED = YES;
				CLANG_ANALYZER_NONNULL = YES;
				CLANG_ANALYZER_NUMBER_OBJECT_CONVERSION = YES_AGGRESSIVE;
				CLANG_CXX_LANGUAGE_STANDARD = "gnu++20";
				CLANG_ENABLE_MODULES = YES;
				CLANG_ENABLE_OBJC_ARC = YES;
				CLANG_ENABLE_OBJC_WEAK = YES;
				CLANG_WARN_BLOCK_CAPTURE_AUTORELEASING = YES;
				CLANG_WARN_BOOL_CONVERSION = YES;
				CLANG_WARN_COMMA = YES;
				CLANG_WARN_CONSTANT_CONVERSION = YES;
				CLANG_WARN_DEPRECATED_OBJC_IMPLEMENTATIONS = YES;
				CLANG_WARN_DIRECT_OBJC_ISA_USAGE = YES_ERROR;
				CLANG_WARN_DOCUMENTATION_COMMENTS = YES;
				CLANG_WARN_EMPTY_BODY = YES;
				CLANG_WARN_ENUM_CONVERSION = YES;
				CLANG_WARN_INFINITE_RECURSION = YES;
				CLANG_WARN_INT_CONVERSION = YES;
				CLANG_WARN_NON_LITERAL_NULL_CONVERSION = YES;
				CLANG_WARN_OBJC_IMPLICIT_RETAIN_SELF = YES;
				CLANG_WARN_OBJC_LITERAL_CONVERSION = YES;
				CLANG_WARN_OBJC_ROOT_CLASS = YES_ERROR;
				CLANG_WARN_QUOTED_INCLUDE_IN_FRAMEWORK_HEADER = YES;
				CLANG_WARN_RANGE_LOOP_ANALYSIS = YES;
				CLANG_WARN_STRICT_PROTOTYPES = YES;
				CLANG_WARN_SUSPICIOUS_MOVE = YES;
				CLANG_WARN_UNGUARDED_AVAILABILITY = YES_AGGRESSIVE;
				CLANG_WARN_UNREACHABLE_CODE = YES;
				CLANG_WARN__DUPLICATE_METHOD_MATCH = YES;
				COPY_PHASE_STRIP = NO;
				DEBUG_INFORMATION_FORMAT = dwarf;
				ENABLE_STRICT_OBJC_MSGSEND = YES;
				ENABLE_TESTABILITY = YES;
				GCC_C_LANGUAGE_STANDARD = gnu11;
				GCC_DYNAMIC_NO_PIC = NO;
				GCC_NO_COMMON_BLOCKS = YES;
				GCC_OPTIMIZATION_LEVEL = 0;
				GCC_PREPROCESSOR_DEFINITIONS = (
					"DEBUG=1",
					"$(inherited)",
				);
				GCC_WARN_64_TO_32_BIT_CONVERSION = YES;
				GCC_WARN_ABOUT_RETURN_TYPE = YES_ERROR;
				GCC_WARN_UNDECLARED_SELECTOR = YES;
				GCC_WARN_UNINITIALIZED_AUTOS = YES_AGGRESSIVE;
				GCC_WARN_UNUSED_FUNCTION = YES;
				GCC_WARN_UNUSED_VARIABLE = YES;
				INFOPLIST_FILE = "/Users/satochip/Documents/github/app-ios/Satodime/Satodime/Info.plist";
				MTL_ENABLE_DEBUG_INFO = INCLUDE_SOURCE;
				MTL_FAST_MATH = YES;
				ONLY_ACTIVE_ARCH = YES;
				SWIFT_ACTIVE_COMPILATION_CONDITIONS = DEBUG;
				SWIFT_OPTIMIZATION_LEVEL = "-Onone";
			};
			name = Dev;
		};
		D0EB4DDF2AC0769400EA83F9 /* Dev */ = {
			isa = XCBuildConfiguration;
			buildSettings = {
				ASSETCATALOG_COMPILER_APPICON_NAME = AppIcon;
				ASSETCATALOG_COMPILER_GLOBAL_ACCENT_COLOR_NAME = AccentColor;
				CODE_SIGN_ENTITLEMENTS = Satodime/Satodime.entitlements;
				CODE_SIGN_STYLE = Manual;
				CURRENT_PROJECT_VERSION = 7;
				DEVELOPMENT_ASSET_PATHS = "\"Satodime/Preview Content\"";
				DEVELOPMENT_TEAM = "";
				"DEVELOPMENT_TEAM[sdk=iphoneos*]" = 68UCR527YD;
				ENABLE_HARDENED_RUNTIME = YES;
				ENABLE_PREVIEWS = YES;
				GENERATE_INFOPLIST_FILE = YES;
				INFOPLIST_FILE = Satodime/Info.plist;
				INFOPLIST_KEY_CFBundleDisplayName = Satodime;
				INFOPLIST_KEY_NFCReaderUsageDescription = "Enable Satodime usage";
				INFOPLIST_KEY_NSCameraUsageDescription = "Allows to scan QR code";
				"INFOPLIST_KEY_UIApplicationSceneManifest_Generation[sdk=iphoneos*]" = YES;
				"INFOPLIST_KEY_UIApplicationSceneManifest_Generation[sdk=iphonesimulator*]" = YES;
				INFOPLIST_KEY_UIApplicationSupportsIndirectInputEvents = YES;
				"INFOPLIST_KEY_UIApplicationSupportsIndirectInputEvents[sdk=iphoneos*]" = YES;
				"INFOPLIST_KEY_UIApplicationSupportsIndirectInputEvents[sdk=iphonesimulator*]" = YES;
				"INFOPLIST_KEY_UILaunchScreen_Generation[sdk=iphoneos*]" = YES;
				"INFOPLIST_KEY_UILaunchScreen_Generation[sdk=iphonesimulator*]" = YES;
				INFOPLIST_KEY_UIRequiredDeviceCapabilities = armv7;
				"INFOPLIST_KEY_UIStatusBarStyle[sdk=iphoneos*]" = UIStatusBarStyleDefault;
				"INFOPLIST_KEY_UIStatusBarStyle[sdk=iphonesimulator*]" = UIStatusBarStyleDefault;
				INFOPLIST_KEY_UISupportedInterfaceOrientations = "UIInterfaceOrientationPortrait UIInterfaceOrientationLandscapeLeft UIInterfaceOrientationLandscapeRight";
				INFOPLIST_KEY_UISupportedInterfaceOrientations_iPad = "UIInterfaceOrientationPortrait UIInterfaceOrientationPortraitUpsideDown UIInterfaceOrientationLandscapeLeft UIInterfaceOrientationLandscapeRight";
				INFOPLIST_KEY_UISupportedInterfaceOrientations_iPhone = "UIInterfaceOrientationPortrait UIInterfaceOrientationLandscapeLeft UIInterfaceOrientationLandscapeRight";
				IPHONEOS_DEPLOYMENT_TARGET = 15.0;
				LD_RUNPATH_SEARCH_PATHS = "@executable_path/Frameworks";
				"LD_RUNPATH_SEARCH_PATHS[sdk=macosx*]" = "@executable_path/../Frameworks";
				MACOSX_DEPLOYMENT_TARGET = 12.5;
				MARKETING_VERSION = 0.1.0;
				PRODUCT_BUNDLE_IDENTIFIER = com.dlvx.dev.app.Satodime;
				PRODUCT_NAME = "$(TARGET_NAME)";
				PROVISIONING_PROFILE_SPECIFIER = "";
				"PROVISIONING_PROFILE_SPECIFIER[sdk=iphoneos*]" = "Satodime DLVX dev";
				SDKROOT = auto;
				SUPPORTED_PLATFORMS = "iphoneos iphonesimulator";
				SUPPORTS_MACCATALYST = NO;
				SUPPORTS_MAC_DESIGNED_FOR_IPHONE_IPAD = YES;
				SWIFT_EMIT_LOC_STRINGS = YES;
				SWIFT_VERSION = 5.0;
				TARGETED_DEVICE_FAMILY = "1,2";
			};
			name = Dev;
		};
		D0EB4DE02AC0769400EA83F9 /* Dev */ = {
			isa = XCBuildConfiguration;
			buildSettings = {
				ALWAYS_EMBED_SWIFT_STANDARD_LIBRARIES = YES;
				BUNDLE_LOADER = "$(TEST_HOST)";
				CODE_SIGN_STYLE = Automatic;
				CURRENT_PROJECT_VERSION = 1;
				DEVELOPMENT_TEAM = F7NK36K3VQ;
				GENERATE_INFOPLIST_FILE = YES;
				IPHONEOS_DEPLOYMENT_TARGET = 16.1;
				MACOSX_DEPLOYMENT_TARGET = 12.5;
				MARKETING_VERSION = 1.0;
				PRODUCT_BUNDLE_IDENTIFIER = io.satochip.SatodimeTests;
				PRODUCT_NAME = "$(TARGET_NAME)";
				SDKROOT = auto;
				SUPPORTED_PLATFORMS = "iphoneos iphonesimulator macosx";
				SWIFT_EMIT_LOC_STRINGS = NO;
				SWIFT_VERSION = 5.0;
				TARGETED_DEVICE_FAMILY = "1,2";
				TEST_HOST = "$(BUILT_PRODUCTS_DIR)/Satodime.app/$(BUNDLE_EXECUTABLE_FOLDER_PATH)/Satodime";
			};
			name = Dev;
		};
		D0EB4DE12AC0769400EA83F9 /* Dev */ = {
			isa = XCBuildConfiguration;
			buildSettings = {
				ALWAYS_EMBED_SWIFT_STANDARD_LIBRARIES = YES;
				CODE_SIGN_STYLE = Automatic;
				CURRENT_PROJECT_VERSION = 1;
				DEVELOPMENT_TEAM = F7NK36K3VQ;
				GENERATE_INFOPLIST_FILE = YES;
				IPHONEOS_DEPLOYMENT_TARGET = 16.1;
				MACOSX_DEPLOYMENT_TARGET = 12.5;
				MARKETING_VERSION = 1.0;
				PRODUCT_BUNDLE_IDENTIFIER = io.satochip.SatodimeUITests;
				PRODUCT_NAME = "$(TARGET_NAME)";
				SDKROOT = auto;
				SUPPORTED_PLATFORMS = "iphoneos iphonesimulator macosx";
				SWIFT_EMIT_LOC_STRINGS = NO;
				SWIFT_VERSION = 5.0;
				TARGETED_DEVICE_FAMILY = "1,2";
				TEST_TARGET_NAME = Satodime;
			};
			name = Dev;
		};
/* End XCBuildConfiguration section */

/* Begin XCConfigurationList section */
		0DA7B452299A365900CEE722 /* Build configuration list for PBXProject "Satodime" */ = {
			isa = XCConfigurationList;
			buildConfigurations = (
				0DA7B47A299A366400CEE722 /* Debug */,
				D0EB4DDE2AC0769400EA83F9 /* Dev */,
				0DA7B47B299A366400CEE722 /* Release */,
			);
			defaultConfigurationIsVisible = 0;
			defaultConfigurationName = Release;
		};
		0DA7B47C299A366400CEE722 /* Build configuration list for PBXNativeTarget "Satodime" */ = {
			isa = XCConfigurationList;
			buildConfigurations = (
				0DA7B47D299A366400CEE722 /* Debug */,
				D0EB4DDF2AC0769400EA83F9 /* Dev */,
				0DA7B47E299A366400CEE722 /* Release */,
			);
			defaultConfigurationIsVisible = 0;
			defaultConfigurationName = Release;
		};
		0DA7B47F299A366400CEE722 /* Build configuration list for PBXNativeTarget "SatodimeTests" */ = {
			isa = XCConfigurationList;
			buildConfigurations = (
				0DA7B480299A366400CEE722 /* Debug */,
				D0EB4DE02AC0769400EA83F9 /* Dev */,
				0DA7B481299A366400CEE722 /* Release */,
			);
			defaultConfigurationIsVisible = 0;
			defaultConfigurationName = Release;
		};
		0DA7B482299A366400CEE722 /* Build configuration list for PBXNativeTarget "SatodimeUITests" */ = {
			isa = XCConfigurationList;
			buildConfigurations = (
				0DA7B483299A366400CEE722 /* Debug */,
				D0EB4DE12AC0769400EA83F9 /* Dev */,
				0DA7B484299A366400CEE722 /* Release */,
			);
			defaultConfigurationIsVisible = 0;
			defaultConfigurationName = Release;
		};
/* End XCConfigurationList section */

/* Begin XCLocalSwiftPackageReference section */
		D0EB4DE32AC079B200EA83F9 /* XCLocalSwiftPackageReference "../../keycard-xcode14/SwiftCryptoTools" */ = {
			isa = XCLocalSwiftPackageReference;
			relativePath = "../../keycard-xcode14/SwiftCryptoTools";
		};
/* End XCLocalSwiftPackageReference section */

/* Begin XCRemoteSwiftPackageReference section */
		0DA7B4B4299A4E6400CEE722 /* XCRemoteSwiftPackageReference "QRCode" */ = {
			isa = XCRemoteSwiftPackageReference;
			repositoryURL = "https://github.com/dagronf/QRCode.git";
			requirement = {
				kind = exactVersion;
				version = 12.1.1;
			};
		};
/* End XCRemoteSwiftPackageReference section */

/* Begin XCSwiftPackageProductDependency section */
		0DA7B4B0299A4D6D00CEE722 /* SatochipSwift */ = {
			isa = XCSwiftPackageProductDependency;
			productName = SatochipSwift;
		};
		0DA7B4B2299A4D7E00CEE722 /* SwiftCryptoTools */ = {
			isa = XCSwiftPackageProductDependency;
			productName = SwiftCryptoTools;
		};
		0DA7B4B5299A4E6400CEE722 /* QRCode */ = {
			isa = XCSwiftPackageProductDependency;
			package = 0DA7B4B4299A4E6400CEE722 /* XCRemoteSwiftPackageReference "QRCode" */;
			productName = QRCode;
		};
		D0EB4DE42AC079B200EA83F9 /* SwiftCryptoTools */ = {
			isa = XCSwiftPackageProductDependency;
			productName = SwiftCryptoTools;
		};
/* End XCSwiftPackageProductDependency section */
	};
	rootObject = 0DA7B44F299A365900CEE722 /* Project object */;
}
