{
  "pins" : [
    {
      "identity" : "bigint",
      "kind" : "remoteSourceControl",
      "location" : "https://github.com/attaswift/BigInt.git",
      "state" : {
        "revision" : "0ed110f7555c34ff468e72e1686e59721f2b0da6",
        "version" : "5.3.0"
      }
    },
    {
      "identity" : "cryptoswift",
      "kind" : "remoteSourceControl",
      "location" : "https://github.com/krzyzanowskim/CryptoSwift.git",
      "state" : {
        "revision" : "3a2acbb32ab68215ee1596ee6004da8e90c3721b",
        "version" : "1.0.0"
      }
    },
    {
      "identity" : "hstack-snap-to-scroll",
      "kind" : "remoteSourceControl",
      "location" : "https://github.com/swiftui-library/hstack-snap-to-scroll.git",
      "state" : {
        "revision" : "d40c4cbe9f8e9bd8b424fc8b61cd3c55bd85d30a",
        "version" : "1.0.3"
      }
    },
    {
      "identity" : "qrcode",
      "kind" : "remoteSourceControl",
      "location" : "https://github.com/dagronf/QRCode.git",
      "state" : {
        "revision" : "f6bbb0788b6d5562d7c3204cc5115caa0df332c3",
        "version" : "12.1.1"
      }
    },
    {
      "identity" : "secp256k1.swift",
      "kind" : "remoteSourceControl",
      "location" : "https://github.com/GigaBitcoin/secp256k1.swift.git",
      "state" : {
        "revision" : "48fb20fce4ca3aad89180448a127d5bc16f0e44c",
        "version" : "0.10.0"
      }
    },
    {
      "identity" : "swift-qrcode-generator",
      "kind" : "remoteSourceControl",
      "location" : "https://github.com/dagronf/swift-qrcode-generator",
      "state" : {
        "revision" : "5ca09b6a2ad190f94aa3d6ddef45b187f8c0343b",
        "version" : "1.0.3"
      }
    },
    {
      "identity" : "swifttls",
      "kind" : "remoteSourceControl",
      "location" : "https://github.com/Toporin/SwiftTLS.git",
      "state" : {
        "branch" : "master",
        "revision" : "b5e05a7afc8088467ff4e819f3d103a96461fe14"
      }
    },
    {
      "identity" : "zip",
      "kind" : "remoteSourceControl",
      "location" : "https://github.com/marmelroy/Zip.git",
      "state" : {
        "revision" : "67fa55813b9e7b3b9acee9c0ae501def28746d76",
        "version" : "2.1.2"
      }
    }
  ],
  "version" : 2
}
